
Microsoft Visual Studio Solution File, Format Version 12.00
# Visual Studio Version 16
VisualStudioVersion = 16.0.808.4
MinimumVisualStudioVersion = 10.0.40219.1
Project("{FAE04EC0-301F-11D3-BF4B-00C04F79EFBC}") = "camera.Android", "camera.Android\camera.Android.csproj", "{9E550B79-0973-4D22-86C5-F6D46D2A2ED3}"
EndProject
Project("{FAE04EC0-301F-11D3-BF4B-00C04F79EFBC}") = "camera.iOS", "camera.iOS\camera.iOS.csproj", "{61BC6F56-4B11-464F-970B-7CDF13DCA963}"
EndProject
Project("{FAE04EC0-301F-11D3-BF4B-00C04F79EFBC}") = "camera", "camera\camera.csproj", "{30F18E18-F9BF-4916-A96E-47FD4BEEBE32}"
EndProject
Global
	GlobalSection(SolutionConfigurationPlatforms) = preSolution
		Debug|Any CPU = Debug|Any CPU
		Release|Any CPU = Release|Any CPU
		Debug|iPhoneSimulator = Debug|iPhoneSimulator
		Release|iPhoneSimulator = Release|iPhoneSimulator
		Debug|iPhone = Debug|iPhone
		Release|iPhone = Release|iPhone
	EndGlobalSection
	GlobalSection(ProjectConfigurationPlatforms) = postSolution
		{9E550B79-0973-4D22-86C5-F6D46D2A2ED3}.Debug|Any CPU.ActiveCfg = Debug|Any CPU
		{9E550B79-0973-4D22-86C5-F6D46D2A2ED3}.Debug|Any CPU.Build.0 = Debug|Any CPU
		{9E550B79-0973-4D22-86C5-F6D46D2A2ED3}.Release|Any CPU.ActiveCfg = Release|Any CPU
		{9E550B79-0973-4D22-86C5-F6D46D2A2ED3}.Release|Any CPU.Build.0 = Release|Any CPU
		{9E550B79-0973-4D22-86C5-F6D46D2A2ED3}.Debug|iPhoneSimulator.ActiveCfg = Debug|Any CPU
		{9E550B79-0973-4D22-86C5-F6D46D2A2ED3}.Debug|iPhoneSimulator.Build.0 = Debug|Any CPU
		{9E550B79-0973-4D22-86C5-F6D46D2A2ED3}.Release|iPhoneSimulator.ActiveCfg = Release|Any CPU
		{9E550B79-0973-4D22-86C5-F6D46D2A2ED3}.Release|iPhoneSimulator.Build.0 = Release|Any CPU
		{9E550B79-0973-4D22-86C5-F6D46D2A2ED3}.Debug|iPhone.ActiveCfg = Debug|Any CPU
		{9E550B79-0973-4D22-86C5-F6D46D2A2ED3}.Debug|iPhone.Build.0 = Debug|Any CPU
		{9E550B79-0973-4D22-86C5-F6D46D2A2ED3}.Release|iPhone.ActiveCfg = Release|Any CPU
		{9E550B79-0973-4D22-86C5-F6D46D2A2ED3}.Release|iPhone.Build.0 = Release|Any CPU
		{61BC6F56-4B11-464F-970B-7CDF13DCA963}.Debug|Any CPU.ActiveCfg = Debug|iPhoneSimulator
		{61BC6F56-4B11-464F-970B-7CDF13DCA963}.Debug|Any CPU.Build.0 = Debug|iPhoneSimulator
		{61BC6F56-4B11-464F-970B-7CDF13DCA963}.Release|Any CPU.ActiveCfg = Release|iPhoneSimulator
		{61BC6F56-4B11-464F-970B-7CDF13DCA963}.Release|Any CPU.Build.0 = Release|iPhoneSimulator
		{61BC6F56-4B11-464F-970B-7CDF13DCA963}.Debug|iPhoneSimulator.ActiveCfg = Debug|iPhoneSimulator
		{61BC6F56-4B11-464F-970B-7CDF13DCA963}.Debug|iPhoneSimulator.Build.0 = Debug|iPhoneSimulator
		{61BC6F56-4B11-464F-970B-7CDF13DCA963}.Release|iPhoneSimulator.ActiveCfg = Release|iPhoneSimulator
		{61BC6F56-4B11-464F-970B-7CDF13DCA963}.Release|iPhoneSimulator.Build.0 = Release|iPhoneSimulator
		{61BC6F56-4B11-464F-970B-7CDF13DCA963}.Debug|iPhone.ActiveCfg = Debug|iPhone
		{61BC6F56-4B11-464F-970B-7CDF13DCA963}.Debug|iPhone.Build.0 = Debug|iPhone
		{61BC6F56-4B11-464F-970B-7CDF13DCA963}.Release|iPhone.ActiveCfg = Release|iPhone
		{61BC6F56-4B11-464F-970B-7CDF13DCA963}.Release|iPhone.Build.0 = Release|iPhone
		{30F18E18-F9BF-4916-A96E-47FD4BEEBE32}.Debug|Any CPU.ActiveCfg = Debug|Any CPU
		{30F18E18-F9BF-4916-A96E-47FD4BEEBE32}.Debug|Any CPU.Build.0 = Debug|Any CPU
		{30F18E18-F9BF-4916-A96E-47FD4BEEBE32}.Release|Any CPU.ActiveCfg = Release|Any CPU
		{30F18E18-F9BF-4916-A96E-47FD4BEEBE32}.Release|Any CPU.Build.0 = Release|Any CPU
		{30F18E18-F9BF-4916-A96E-47FD4BEEBE32}.Debug|iPhoneSimulator.ActiveCfg = Debug|Any CPU
		{30F18E18-F9BF-4916-A96E-47FD4BEEBE32}.Debug|iPhoneSimulator.Build.0 = Debug|Any CPU
		{30F18E18-F9BF-4916-A96E-47FD4BEEBE32}.Release|iPhoneSimulator.ActiveCfg = Release|Any CPU
		{30F18E18-F9BF-4916-A96E-47FD4BEEBE32}.Release|iPhoneSimulator.Build.0 = Release|Any CPU
		{30F18E18-F9BF-4916-A96E-47FD4BEEBE32}.Debug|iPhone.ActiveCfg = Debug|Any CPU
		{30F18E18-F9BF-4916-A96E-47FD4BEEBE32}.Debug|iPhone.Build.0 = Debug|Any CPU
		{30F18E18-F9BF-4916-A96E-47FD4BEEBE32}.Release|iPhone.ActiveCfg = Release|Any CPU
		{30F18E18-F9BF-4916-A96E-47FD4BEEBE32}.Release|iPhone.Build.0 = Release|Any CPU
	EndGlobalSection
	GlobalSection(SolutionProperties) = preSolution
		HideSolutionNode = FALSE
	EndGlobalSection
	GlobalSection(ExtensibilityGlobals) = postSolution
		SolutionGuid = {0BE55ED1-A5F7-4383-AE98-6A06D91256EE}
	EndGlobalSection
EndGlobal
